
Microsoft Visual Studio Solution File, Format Version 12.00
Project("{FAE04EC0-301F-11D3-BF4B-00C04F79EFBC}") = "CodeScan", "CodeScan.csproj", "{5194E971-D2A5-49A2-BD13-6837C070ABD5}"
EndProject
Project("{2150E333-8FDC-42A3-9474-1A3956D46DE8}") = "Tests", "Tests", "{0AB3BF05-4346-4AA6-1389-037BE0695223}"
EndProject
Project("{FAE04EC0-301F-11D3-BF4B-00C04F79EFBC}") = "CodeScan.Tests", "Tests\CodeScan.Tests.csproj", "{4AA38435-78F3-450B-8CD0-33639C7ED297}"
EndProject
Global
	GlobalSection(SolutionConfigurationPlatforms) = preSolution
		Debug|Any CPU = Debug|Any CPU
		Debug|x64 = Debug|x64
		Debug|x86 = Debug|x86
		Release|Any CPU = Release|Any CPU
		Release|x64 = Release|x64
		Release|x86 = Release|x86
	EndGlobalSection
	GlobalSection(ProjectConfigurationPlatforms) = postSolution
		{5194E971-D2A5-49A2-BD13-6837C070ABD5}.Debug|Any CPU.ActiveCfg = Debug|Any CPU
		{5194E971-D2A5-49A2-BD13-6837C070ABD5}.Debug|Any CPU.Build.0 = Debug|Any CPU
		{5194E971-D2A5-49A2-BD13-6837C070ABD5}.Debug|x64.ActiveCfg = Debug|Any CPU
		{5194E971-D2A5-49A2-BD13-6837C070ABD5}.Debug|x64.Build.0 = Debug|Any CPU
		{5194E971-D2A5-49A2-BD13-6837C070ABD5}.Debug|x86.ActiveCfg = Debug|Any CPU
		{5194E971-D2A5-49A2-BD13-6837C070ABD5}.Debug|x86.Build.0 = Debug|Any CPU
		{5194E971-D2A5-49A2-BD13-6837C070ABD5}.Release|Any CPU.ActiveCfg = Release|Any CPU
		{5194E971-D2A5-49A2-BD13-6837C070ABD5}.Release|Any CPU.Build.0 = Release|Any CPU
		{5194E971-D2A5-49A2-BD13-6837C070ABD5}.Release|x64.ActiveCfg = Release|Any CPU
		{5194E971-D2A5-49A2-BD13-6837C070ABD5}.Release|x64.Build.0 = Release|Any CPU
		{5194E971-D2A5-49A2-BD13-6837C070ABD5}.Release|x86.ActiveCfg = Release|Any CPU
		{5194E971-D2A5-49A2-BD13-6837C070ABD5}.Release|x86.Build.0 = Release|Any CPU
		{4AA38435-78F3-450B-8CD0-33639C7ED297}.Debug|Any CPU.ActiveCfg = Debug|Any CPU
		{4AA38435-78F3-450B-8CD0-33639C7ED297}.Debug|Any CPU.Build.0 = Debug|Any CPU
		{4AA38435-78F3-450B-8CD0-33639C7ED297}.Debug|x64.ActiveCfg = Debug|Any CPU
		{4AA38435-78F3-450B-8CD0-33639C7ED297}.Debug|x64.Build.0 = Debug|Any CPU
		{4AA38435-78F3-450B-8CD0-33639C7ED297}.Debug|x86.ActiveCfg = Debug|Any CPU
		{4AA38435-78F3-450B-8CD0-33639C7ED297}.Debug|x86.Build.0 = Debug|Any CPU
		{4AA38435-78F3-450B-8CD0-33639C7ED297}.Release|Any CPU.ActiveCfg = Release|Any CPU
		{4AA38435-78F3-450B-8CD0-33639C7ED297}.Release|Any CPU.Build.0 = Release|Any CPU
		{4AA38435-78F3-450B-8CD0-33639C7ED297}.Release|x64.ActiveCfg = Release|Any CPU
		{4AA38435-78F3-450B-8CD0-33639C7ED297}.Release|x64.Build.0 = Release|Any CPU
		{4AA38435-78F3-450B-8CD0-33639C7ED297}.Release|x86.ActiveCfg = Release|Any CPU
		{4AA38435-78F3-450B-8CD0-33639C7ED297}.Release|x86.Build.0 = Release|Any CPU
	EndGlobalSection
	GlobalSection(SolutionProperties) = preSolution
		HideSolutionNode = FALSE
	EndGlobalSection
	GlobalSection(NestedProjects) = preSolution
		{4AA38435-78F3-450B-8CD0-33639C7ED297} = {0AB3BF05-4346-4AA6-1389-037BE0695223}
	EndGlobalSection
EndGlobal
